
Microsoft Visual Studio Solution File, Format Version 12.00
# Visual Studio Version 17
VisualStudioVersion = 17.7.34003.232
MinimumVisualStudioVersion = 10.0.40219.1
Project("{9A19103F-16F7-4668-BE54-9A1E7A4F7556}") = "ObraSocial.API", "Thiesen.API\ObraSocial.API.csproj", "{6C79FCAE-E426-415D-93F0-07812C9DCA12}"
EndProject
Project("{9A19103F-16F7-4668-BE54-9A1E7A4F7556}") = "ObraSocial.Domain", "Thiesen.Domain\ObraSocial.Domain.csproj", "{A966BECC-4C64-4A05-A24E-165BA034825D}"
EndProject
Project("{9A19103F-16F7-4668-BE54-9A1E7A4F7556}") = "ObraSocial.Application", "Thiesen.Application\ObraSocial.Application.csproj", "{2A21789C-FEB5-4731-A8B9-0982206785C6}"
EndProject
Project("{9A19103F-16F7-4668-BE54-9A1E7A4F7556}") = "ObraSocial.Infra.Data", "Thiesen.Infra.Data\ObraSocial.Infra.Data.csproj", "{18D5BBA0-9243-4E13-AE4F-CFF0D805F195}"
EndProject
Project("{9A19103F-16F7-4668-BE54-9A1E7A4F7556}") = "ObraSocial.Infra.IoC", "Thiesen.Infra.IoC\ObraSocial.Infra.IoC.csproj", "{4D188A9F-D8E1-492D-A90E-4C836C337F1E}"
EndProject
Project("{9A19103F-16F7-4668-BE54-9A1E7A4F7556}") = "ObraSocial.Test", "Thiesen.Test\ObraSocial.Test.csproj", "{8FBBAB04-75E7-4237-A584-444743A8AEA3}"
EndProject
Global
	GlobalSection(SolutionConfigurationPlatforms) = preSolution
		Debug|Any CPU = Debug|Any CPU
		Release|Any CPU = Release|Any CPU
	EndGlobalSection
	GlobalSection(ProjectConfigurationPlatforms) = postSolution
		{6C79FCAE-E426-415D-93F0-07812C9DCA12}.Debug|Any CPU.ActiveCfg = Debug|Any CPU
		{6C79FCAE-E426-415D-93F0-07812C9DCA12}.Debug|Any CPU.Build.0 = Debug|Any CPU
		{6C79FCAE-E426-415D-93F0-07812C9DCA12}.Release|Any CPU.ActiveCfg = Release|Any CPU
		{6C79FCAE-E426-415D-93F0-07812C9DCA12}.Release|Any CPU.Build.0 = Release|Any CPU
		{A966BECC-4C64-4A05-A24E-165BA034825D}.Debug|Any CPU.ActiveCfg = Debug|Any CPU
		{A966BECC-4C64-4A05-A24E-165BA034825D}.Debug|Any CPU.Build.0 = Debug|Any CPU
		{A966BECC-4C64-4A05-A24E-165BA034825D}.Release|Any CPU.ActiveCfg = Release|Any CPU
		{A966BECC-4C64-4A05-A24E-165BA034825D}.Release|Any CPU.Build.0 = Release|Any CPU
		{2A21789C-FEB5-4731-A8B9-0982206785C6}.Debug|Any CPU.ActiveCfg = Debug|Any CPU
		{2A21789C-FEB5-4731-A8B9-0982206785C6}.Debug|Any CPU.Build.0 = Debug|Any CPU
		{2A21789C-FEB5-4731-A8B9-0982206785C6}.Release|Any CPU.ActiveCfg = Release|Any CPU
		{2A21789C-FEB5-4731-A8B9-0982206785C6}.Release|Any CPU.Build.0 = Release|Any CPU
		{18D5BBA0-9243-4E13-AE4F-CFF0D805F195}.Debug|Any CPU.ActiveCfg = Debug|Any CPU
		{18D5BBA0-9243-4E13-AE4F-CFF0D805F195}.Debug|Any CPU.Build.0 = Debug|Any CPU
		{18D5BBA0-9243-4E13-AE4F-CFF0D805F195}.Release|Any CPU.ActiveCfg = Release|Any CPU
		{18D5BBA0-9243-4E13-AE4F-CFF0D805F195}.Release|Any CPU.Build.0 = Release|Any CPU
		{4D188A9F-D8E1-492D-A90E-4C836C337F1E}.Debug|Any CPU.ActiveCfg = Debug|Any CPU
		{4D188A9F-D8E1-492D-A90E-4C836C337F1E}.Debug|Any CPU.Build.0 = Debug|Any CPU
		{4D188A9F-D8E1-492D-A90E-4C836C337F1E}.Release|Any CPU.ActiveCfg = Release|Any CPU
		{4D188A9F-D8E1-492D-A90E-4C836C337F1E}.Release|Any CPU.Build.0 = Release|Any CPU
		{8FBBAB04-75E7-4237-A584-444743A8AEA3}.Debug|Any CPU.ActiveCfg = Debug|Any CPU
		{8FBBAB04-75E7-4237-A584-444743A8AEA3}.Debug|Any CPU.Build.0 = Debug|Any CPU
		{8FBBAB04-75E7-4237-A584-444743A8AEA3}.Release|Any CPU.ActiveCfg = Release|Any CPU
		{8FBBAB04-75E7-4237-A584-444743A8AEA3}.Release|Any CPU.Build.0 = Release|Any CPU
	EndGlobalSection
	GlobalSection(SolutionProperties) = preSolution
		HideSolutionNode = FALSE
	EndGlobalSection
	GlobalSection(ExtensibilityGlobals) = postSolution
		SolutionGuid = {A5C545DA-C77A-42E7-AF6A-FFC09D0F63E0}
	EndGlobalSection
EndGlobal
